
Microsoft Visual Studio Solution File, Format Version 12.00
# Visual Studio Version 17
VisualStudioVersion = 17.4.33213.308
MinimumVisualStudioVersion = 10.0.40219.1
Project("{9A19103F-16F7-4668-BE54-9A1E7A4F7556}") = "TodoApi", "TodoApi.csproj", "{14102C7A-53BA-42F7-BD33-C432B3517BA1}"
EndProject
Global
	GlobalSection(SolutionConfigurationPlatforms) = preSolution
		Debug|Any CPU = Debug|Any CPU
		Release|Any CPU = Release|Any CPU
	EndGlobalSection
	GlobalSection(ProjectConfigurationPlatforms) = postSolution
		{14102C7A-53BA-42F7-BD33-C432B3517BA1}.Debug|Any CPU.ActiveCfg = Debug|Any CPU
		{14102C7A-53BA-42F7-BD33-C432B3517BA1}.Debug|Any CPU.Build.0 = Debug|Any CPU
		{14102C7A-53BA-42F7-BD33-C432B3517BA1}.Release|Any CPU.ActiveCfg = Release|Any CPU
		{14102C7A-53BA-42F7-BD33-C432B3517BA1}.Release|Any CPU.Build.0 = Release|Any CPU
	EndGlobalSection
	GlobalSection(SolutionProperties) = preSolution
		HideSolutionNode = FALSE
	EndGlobalSection
	GlobalSection(ExtensibilityGlobals) = postSolution
		SolutionGuid = {E0D9525F-21CF-4BA6-AA7D-F6B4E1332B8D}
	EndGlobalSection
EndGlobal
